
Microsoft Visual Studio Solution File, Format Version 12.00
# Visual Studio Version 16
VisualStudioVersion = 16.0.29709.97
MinimumVisualStudioVersion = 10.0.40219.1
Project("{9A19103F-16F7-4668-BE54-9A1E7A4F7556}") = "XPlaneConnector", "src\XPlaneConnector\XPlaneConnector.csproj", "{A5AAA610-0FF3-4526-A103-FDC7F13EFCAA}"
EndProject
Project("{9A19103F-16F7-4668-BE54-9A1E7A4F7556}") = "SR22gcu", "src\SR22gcu\SR22gcu.csproj", "{4B9A0870-CD5F-492B-BB88-60B3DBFAEE61}"
EndProject
Global
	GlobalSection(SolutionConfigurationPlatforms) = preSolution
		Debug|Any CPU = Debug|Any CPU
		Release|Any CPU = Release|Any CPU
	EndGlobalSection
	GlobalSection(ProjectConfigurationPlatforms) = postSolution
		{A5AAA610-0FF3-4526-A103-FDC7F13EFCAA}.Debug|Any CPU.ActiveCfg = Debug|Any CPU
		{A5AAA610-0FF3-4526-A103-FDC7F13EFCAA}.Debug|Any CPU.Build.0 = Debug|Any CPU
		{A5AAA610-0FF3-4526-A103-FDC7F13EFCAA}.Release|Any CPU.ActiveCfg = Release|Any CPU
		{A5AAA610-0FF3-4526-A103-FDC7F13EFCAA}.Release|Any CPU.Build.0 = Release|Any CPU
		{4B9A0870-CD5F-492B-BB88-60B3DBFAEE61}.Debug|Any CPU.ActiveCfg = Debug|Any CPU
		{4B9A0870-CD5F-492B-BB88-60B3DBFAEE61}.Debug|Any CPU.Build.0 = Debug|Any CPU
		{4B9A0870-CD5F-492B-BB88-60B3DBFAEE61}.Release|Any CPU.ActiveCfg = Release|Any CPU
		{4B9A0870-CD5F-492B-BB88-60B3DBFAEE61}.Release|Any CPU.Build.0 = Release|Any CPU
	EndGlobalSection
	GlobalSection(SolutionProperties) = preSolution
		HideSolutionNode = FALSE
	EndGlobalSection
	GlobalSection(ExtensibilityGlobals) = postSolution
		SolutionGuid = {86B5D05F-A187-4261-AE3A-9EA1B808483D}
	EndGlobalSection
EndGlobal
